
Microsoft Visual Studio Solution File, Format Version 12.00
# Visual Studio Version 17
VisualStudioVersion = 17.13.35913.81 d17.13
MinimumVisualStudioVersion = 10.0.40219.1
Project("{888888A0-9F3D-457C-B088-3A5042F75D52}") = "Black Jack", "Black Jack\Black Jack.pyproj", "{07E8F692-E949-4209-9136-93455ED8374B}"
EndProject
Global
	GlobalSection(SolutionConfigurationPlatforms) = preSolution
		Debug|Any CPU = Debug|Any CPU
		Release|Any CPU = Release|Any CPU
	EndGlobalSection
	GlobalSection(ProjectConfigurationPlatforms) = postSolution
		{07E8F692-E949-4209-9136-93455ED8374B}.Debug|Any CPU.ActiveCfg = Debug|Any CPU
		{07E8F692-E949-4209-9136-93455ED8374B}.Release|Any CPU.ActiveCfg = Release|Any CPU
	EndGlobalSection
	GlobalSection(SolutionProperties) = preSolution
		HideSolutionNode = FALSE
	EndGlobalSection
	GlobalSection(ExtensibilityGlobals) = postSolution
		SolutionGuid = {053AFA27-2E2A-4A5C-B109-7C848F99DE6C}
	EndGlobalSection
EndGlobal
